
Microsoft Visual Studio Solution File, Format Version 12.00
# Visual Studio 14
VisualStudioVersion = 14.0.25420.1
MinimumVisualStudioVersion = 10.0.40219.1
Project("{FAE04EC0-301F-11D3-BF4B-00C04F79EFBC}") = "TamagotchiDomain", "TamagotchiDomain\TamagotchiDomain.csproj", "{275ABED4-7835-431E-A3DA-246577FD6681}"
EndProject
Project("{00D1A9C2-B5F0-4AF3-8072-F6C62B433612}") = "TamagotchiDatabase", "TamagotchiDatabase\TamagotchiDatabase.sqlproj", "{F3982281-DA90-41A5-8A04-C6ABCE243756}"
EndProject
Project("{FAE04EC0-301F-11D3-BF4B-00C04F79EFBC}") = "TamagotchiWeb", "TamagotchiWeb\TamagotchiWeb.csproj", "{0F210845-8A63-4574-9BF1-31121AEB8F31}"
EndProject
Project("{FAE04EC0-301F-11D3-BF4B-00C04F79EFBC}") = "TamoService", "TamoService\TamoService.csproj", "{84E34F5A-6FC8-4EEC-BC27-738D68B874D5}"
EndProject
Project("{FAE04EC0-301F-11D3-BF4B-00C04F79EFBC}") = "TamagotchiWPF", "TamagotchiWPF\TamagotchiWPF.csproj", "{696763F7-4C51-4E23-B7AF-D0F743911FFC}"
EndProject
Project("{FAE04EC0-301F-11D3-BF4B-00C04F79EFBC}") = "UnitTests", "UnitTests\UnitTests.csproj", "{1C68652F-5B68-4581-B898-BC350F9177F3}"
EndProject
Global
	GlobalSection(SolutionConfigurationPlatforms) = preSolution
		Debug|Any CPU = Debug|Any CPU
		Release|Any CPU = Release|Any CPU
	EndGlobalSection
	GlobalSection(ProjectConfigurationPlatforms) = postSolution
		{275ABED4-7835-431E-A3DA-246577FD6681}.Debug|Any CPU.ActiveCfg = Debug|Any CPU
		{275ABED4-7835-431E-A3DA-246577FD6681}.Debug|Any CPU.Build.0 = Debug|Any CPU
		{275ABED4-7835-431E-A3DA-246577FD6681}.Release|Any CPU.ActiveCfg = Release|Any CPU
		{275ABED4-7835-431E-A3DA-246577FD6681}.Release|Any CPU.Build.0 = Release|Any CPU
		{F3982281-DA90-41A5-8A04-C6ABCE243756}.Debug|Any CPU.ActiveCfg = Debug|Any CPU
		{F3982281-DA90-41A5-8A04-C6ABCE243756}.Debug|Any CPU.Build.0 = Debug|Any CPU
		{F3982281-DA90-41A5-8A04-C6ABCE243756}.Debug|Any CPU.Deploy.0 = Debug|Any CPU
		{F3982281-DA90-41A5-8A04-C6ABCE243756}.Release|Any CPU.ActiveCfg = Release|Any CPU
		{F3982281-DA90-41A5-8A04-C6ABCE243756}.Release|Any CPU.Build.0 = Release|Any CPU
		{F3982281-DA90-41A5-8A04-C6ABCE243756}.Release|Any CPU.Deploy.0 = Release|Any CPU
		{0F210845-8A63-4574-9BF1-31121AEB8F31}.Debug|Any CPU.ActiveCfg = Debug|Any CPU
		{0F210845-8A63-4574-9BF1-31121AEB8F31}.Debug|Any CPU.Build.0 = Debug|Any CPU
		{0F210845-8A63-4574-9BF1-31121AEB8F31}.Release|Any CPU.ActiveCfg = Release|Any CPU
		{0F210845-8A63-4574-9BF1-31121AEB8F31}.Release|Any CPU.Build.0 = Release|Any CPU
		{84E34F5A-6FC8-4EEC-BC27-738D68B874D5}.Debug|Any CPU.ActiveCfg = Debug|Any CPU
		{84E34F5A-6FC8-4EEC-BC27-738D68B874D5}.Debug|Any CPU.Build.0 = Debug|Any CPU
		{84E34F5A-6FC8-4EEC-BC27-738D68B874D5}.Release|Any CPU.ActiveCfg = Release|Any CPU
		{84E34F5A-6FC8-4EEC-BC27-738D68B874D5}.Release|Any CPU.Build.0 = Release|Any CPU
		{696763F7-4C51-4E23-B7AF-D0F743911FFC}.Debug|Any CPU.ActiveCfg = Debug|Any CPU
		{696763F7-4C51-4E23-B7AF-D0F743911FFC}.Debug|Any CPU.Build.0 = Debug|Any CPU
		{696763F7-4C51-4E23-B7AF-D0F743911FFC}.Release|Any CPU.ActiveCfg = Release|Any CPU
		{696763F7-4C51-4E23-B7AF-D0F743911FFC}.Release|Any CPU.Build.0 = Release|Any CPU
		{1C68652F-5B68-4581-B898-BC350F9177F3}.Debug|Any CPU.ActiveCfg = Debug|Any CPU
		{1C68652F-5B68-4581-B898-BC350F9177F3}.Debug|Any CPU.Build.0 = Debug|Any CPU
		{1C68652F-5B68-4581-B898-BC350F9177F3}.Release|Any CPU.ActiveCfg = Release|Any CPU
		{1C68652F-5B68-4581-B898-BC350F9177F3}.Release|Any CPU.Build.0 = Release|Any CPU
	EndGlobalSection
	GlobalSection(SolutionProperties) = preSolution
		HideSolutionNode = FALSE
	EndGlobalSection
EndGlobal
